
Microsoft Visual Studio Solution File, Format Version 12.00
# Visual Studio Version 17
VisualStudioVersion = 17.10.34916.146
MinimumVisualStudioVersion = 10.0.40219.1
Project("{FAE04EC0-301F-11D3-BF4B-00C04F79EFBC}") = "M17A_Protoripo_2025_26_12T", "M17A_Protoripo_2025_26_12T\M17A_Protoripo_2025_26_12T.csproj", "{5081FF64-2484-4FED-8449-16404AFED2A7}"
EndProject
Global
	GlobalSection(SolutionConfigurationPlatforms) = preSolution
		Debug|Any CPU = Debug|Any CPU
		Release|Any CPU = Release|Any CPU
	EndGlobalSection
	GlobalSection(ProjectConfigurationPlatforms) = postSolution
		{5081FF64-2484-4FED-8449-16404AFED2A7}.Debug|Any CPU.ActiveCfg = Debug|Any CPU
		{5081FF64-2484-4FED-8449-16404AFED2A7}.Debug|Any CPU.Build.0 = Debug|Any CPU
		{5081FF64-2484-4FED-8449-16404AFED2A7}.Release|Any CPU.ActiveCfg = Release|Any CPU
		{5081FF64-2484-4FED-8449-16404AFED2A7}.Release|Any CPU.Build.0 = Release|Any CPU
	EndGlobalSection
	GlobalSection(SolutionProperties) = preSolution
		HideSolutionNode = FALSE
	EndGlobalSection
	GlobalSection(ExtensibilityGlobals) = postSolution
		SolutionGuid = {0B158639-DB8F-4D00-9EAE-48355AF7E1D5}
	EndGlobalSection
EndGlobal
